
Microsoft Visual Studio Solution File, Format Version 12.00
# Visual Studio Version 17
VisualStudioVersion = 17.1.32421.90
MinimumVisualStudioVersion = 10.0.40219.1
Project("{FAE04EC0-301F-11D3-BF4B-00C04F79EFBC}") = "Solid3", "Solid3\Solid3.csproj", "{92F915C5-EBE3-478D-AB8F-A72740E629A4}"
EndProject
Global
	GlobalSection(SolutionConfigurationPlatforms) = preSolution
		Debug|Any CPU = Debug|Any CPU
		Release|Any CPU = Release|Any CPU
	EndGlobalSection
	GlobalSection(ProjectConfigurationPlatforms) = postSolution
		{92F915C5-EBE3-478D-AB8F-A72740E629A4}.Debug|Any CPU.ActiveCfg = Debug|Any CPU
		{92F915C5-EBE3-478D-AB8F-A72740E629A4}.Debug|Any CPU.Build.0 = Debug|Any CPU
		{92F915C5-EBE3-478D-AB8F-A72740E629A4}.Release|Any CPU.ActiveCfg = Release|Any CPU
		{92F915C5-EBE3-478D-AB8F-A72740E629A4}.Release|Any CPU.Build.0 = Release|Any CPU
	EndGlobalSection
	GlobalSection(SolutionProperties) = preSolution
		HideSolutionNode = FALSE
	EndGlobalSection
	GlobalSection(ExtensibilityGlobals) = postSolution
		SolutionGuid = {47FE6B41-F47A-4567-A02B-21174243A263}
	EndGlobalSection
EndGlobal
